# This file is automatically @generated by Cargo.
# It is not intended for manual editing.
version = 4

[[package]]
name = "core"
version = "0.1.0"

[[package]]
name = "server"
version = "0.1.0"
dependencies = [
 "core",
 "taskwarrior_compat",
]

[[package]]
name = "taskwarrior_compat"
version = "0.1.0"
dependencies = [
 "core",
]
